// !$*UTF8*$!
{
	archiveVersion = 1;
	classes = {
	};
	objectVersion = 46;
	objects = {

/* Begin PBXBuildFile section */
		E6F079E51B70ECD80078CEEB /* AppDelegate.swift in Sources */ = {isa = PBXBuildFile; fileRef = E6F079E41B70ECD80078CEEB /* AppDelegate.swift */; };
		E6F079E71B70ECD80078CEEB /* GameScene.sks in Resources */ = {isa = PBXBuildFile; fileRef = E6F079E61B70ECD80078CEEB /* GameScene.sks */; };
		E6F079E91B70ECD80078CEEB /* GameScene.swift in Sources */ = {isa = PBXBuildFile; fileRef = E6F079E81B70ECD80078CEEB /* GameScene.swift */; };
		E6F079EB1B70ECD80078CEEB /* GameViewController.swift in Sources */ = {isa = PBXBuildFile; fileRef = E6F079EA1B70ECD80078CEEB /* GameViewController.swift */; };
		E6F079EE1B70ECD80078CEEB /* Main.storyboard in Resources */ = {isa = PBXBuildFile; fileRef = E6F079EC1B70ECD80078CEEB /* Main.storyboard */; };
		E6F079F01B70ECD80078CEEB /* Assets.xcassets in Resources */ = {isa = PBXBuildFile; fileRef = E6F079EF1B70ECD80078CEEB /* Assets.xcassets */; };
		E6F079F31B70ECD80078CEEB /* LaunchScreen.storyboard in Resources */ = {isa = PBXBuildFile; fileRef = E6F079F11B70ECD80078CEEB /* LaunchScreen.storyboard */; };
		E6F079FB1B70ED260078CEEB /* Helper.swift in Sources */ = {isa = PBXBuildFile; fileRef = E6F079FA1B70ED260078CEEB /* Helper.swift */; };
		E6F079FE1B70ED480078CEEB /* explosion.caf in Resources */ = {isa = PBXBuildFile; fileRef = E6F079FC1B70ED480078CEEB /* explosion.caf */; };
		E6F079FF1B70ED480078CEEB /* launch.caf in Resources */ = {isa = PBXBuildFile; fileRef = E6F079FD1B70ED480078CEEB /* launch.caf */; };
		E6F07A091B7105A30078CEEB /* sliceFuse.sks in Resources */ = {isa = PBXBuildFile; fileRef = E6F07A061B7105A30078CEEB /* sliceFuse.sks */; };
		E6F07A0A1B7105A30078CEEB /* sliceHitBomb.sks in Resources */ = {isa = PBXBuildFile; fileRef = E6F07A071B7105A30078CEEB /* sliceHitBomb.sks */; };
		E6F07A0B1B7105A30078CEEB /* sliceHitEnemy.sks in Resources */ = {isa = PBXBuildFile; fileRef = E6F07A081B7105A30078CEEB /* sliceHitEnemy.sks */; };
		E6F07A0C1B7106380078CEEB /* sliceBombFuse.caf in Resources */ = {isa = PBXBuildFile; fileRef = E6F07A051B70ED6D0078CEEB /* sliceBombFuse.caf */; };
		E6F07A0D1B71063B0078CEEB /* wrong.caf in Resources */ = {isa = PBXBuildFile; fileRef = E6F07A041B70ED620078CEEB /* wrong.caf */; };
		E6F07A0E1B71063D0078CEEB /* whack.caf in Resources */ = {isa = PBXBuildFile; fileRef = E6F07A031B70ED620078CEEB /* whack.caf */; };
		E6F07A0F1B71063F0078CEEB /* swoosh3.caf in Resources */ = {isa = PBXBuildFile; fileRef = E6F07A021B70ED620078CEEB /* swoosh3.caf */; };
		E6F07A101B7106410078CEEB /* swoosh2.caf in Resources */ = {isa = PBXBuildFile; fileRef = E6F07A011B70ED620078CEEB /* swoosh2.caf */; };
		E6F07A111B7106440078CEEB /* swoosh1.caf in Resources */ = {isa = PBXBuildFile; fileRef = E6F07A001B70ED620078CEEB /* swoosh1.caf */; };
/* End PBXBuildFile section */

/* Begin PBXFileReference section */
		E6F079E11B70ECD80078CEEB /* Swifty Ninja.app */ = {isa = PBXFileReference; explicitFileType = wrapper.application; includeInIndex = 0; path = "Swifty Ninja.app"; sourceTree = BUILT_PRODUCTS_DIR; };
		E6F079E41B70ECD80078CEEB /* AppDelegate.swift */ = {isa = PBXFileReference; lastKnownFileType = sourcecode.swift; path = AppDelegate.swift; sourceTree = "<group>"; };
		E6F079E61B70ECD80078CEEB /* GameScene.sks */ = {isa = PBXFileReference; lastKnownFileType = file.sks; path = GameScene.sks; sourceTree = "<group>"; };
		E6F079E81B70ECD80078CEEB /* GameScene.swift */ = {isa = PBXFileReference; lastKnownFileType = sourcecode.swift; path = GameScene.swift; sourceTree = "<group>"; };
		E6F079EA1B70ECD80078CEEB /* GameViewController.swift */ = {isa = PBXFileReference; lastKnownFileType = sourcecode.swift; path = GameViewController.swift; sourceTree = "<group>"; };
		E6F079ED1B70ECD80078CEEB /* Base */ = {isa = PBXFileReference; lastKnownFileType = file.storyboard; name = Base; path = Base.lproj/Main.storyboard; sourceTree = "<group>"; };
		E6F079EF1B70ECD80078CEEB /* Assets.xcassets */ = {isa = PBXFileReference; lastKnownFileType = folder.assetcatalog; path = Assets.xcassets; sourceTree = "<group>"; };
		E6F079F21B70ECD80078CEEB /* Base */ = {isa = PBXFileReference; lastKnownFileType = file.storyboard; name = Base; path = Base.lproj/LaunchScreen.storyboard; sourceTree = "<group>"; };
		E6F079F41B70ECD80078CEEB /* Info.plist */ = {isa = PBXFileReference; lastKnownFileType = text.plist.xml; path = Info.plist; sourceTree = "<group>"; };
		E6F079FA1B70ED260078CEEB /* Helper.swift */ = {isa = PBXFileReference; fileEncoding = 4; lastKnownFileType = sourcecode.swift; path = Helper.swift; sourceTree = "<group>"; };
		E6F079FC1B70ED480078CEEB /* explosion.caf */ = {isa = PBXFileReference; lastKnownFileType = file; path = explosion.caf; sourceTree = "<group>"; };
		E6F079FD1B70ED480078CEEB /* launch.caf */ = {isa = PBXFileReference; lastKnownFileType = file; path = launch.caf; sourceTree = "<group>"; };
		E6F07A001B70ED620078CEEB /* swoosh1.caf */ = {isa = PBXFileReference; lastKnownFileType = file; path = swoosh1.caf; sourceTree = "<group>"; };
		E6F07A011B70ED620078CEEB /* swoosh2.caf */ = {isa = PBXFileReference; lastKnownFileType = file; path = swoosh2.caf; sourceTree = "<group>"; };
		E6F07A021B70ED620078CEEB /* swoosh3.caf */ = {isa = PBXFileReference; lastKnownFileType = file; path = swoosh3.caf; sourceTree = "<group>"; };
		E6F07A031B70ED620078CEEB /* whack.caf */ = {isa = PBXFileReference; lastKnownFileType = file; path = whack.caf; sourceTree = "<group>"; };
		E6F07A041B70ED620078CEEB /* wrong.caf */ = {isa = PBXFileReference; lastKnownFileType = file; path = wrong.caf; sourceTree = "<group>"; };
		E6F07A051B70ED6D0078CEEB /* sliceBombFuse.caf */ = {isa = PBXFileReference; lastKnownFileType = file; path = sliceBombFuse.caf; sourceTree = "<group>"; };
		E6F07A061B7105A30078CEEB /* sliceFuse.sks */ = {isa = PBXFileReference; lastKnownFileType = file.sks; path = sliceFuse.sks; sourceTree = "<group>"; };
		E6F07A071B7105A30078CEEB /* sliceHitBomb.sks */ = {isa = PBXFileReference; lastKnownFileType = file.sks; path = sliceHitBomb.sks; sourceTree = "<group>"; };
		E6F07A081B7105A30078CEEB /* sliceHitEnemy.sks */ = {isa = PBXFileReference; lastKnownFileType = file.sks; path = sliceHitEnemy.sks; sourceTree = "<group>"; };
/* End PBXFileReference section */

/* Begin PBXFrameworksBuildPhase section */
		E6F079DE1B70ECD80078CEEB /* Frameworks */ = {
			isa = PBXFrameworksBuildPhase;
			buildActionMask = 2147483647;
			files = (
			);
			runOnlyForDeploymentPostprocessing = 0;
		};
/* End PBXFrameworksBuildPhase section */

/* Begin PBXGroup section */
		E6F079D81B70ECD80078CEEB = {
			isa = PBXGroup;
			children = (
				E6F079E31B70ECD80078CEEB /* Swifty Ninja */,
				E6F079E21B70ECD80078CEEB /* Products */,
				E6F079FC1B70ED480078CEEB /* explosion.caf */,
				E6F079FD1B70ED480078CEEB /* launch.caf */,
				E6F07A001B70ED620078CEEB /* swoosh1.caf */,
				E6F07A011B70ED620078CEEB /* swoosh2.caf */,
				E6F07A021B70ED620078CEEB /* swoosh3.caf */,
				E6F07A031B70ED620078CEEB /* whack.caf */,
				E6F07A041B70ED620078CEEB /* wrong.caf */,
				E6F07A051B70ED6D0078CEEB /* sliceBombFuse.caf */,
			);
			sourceTree = "<group>";
		};
		E6F079E21B70ECD80078CEEB /* Products */ = {
			isa = PBXGroup;
			children = (
				E6F079E11B70ECD80078CEEB /* Swifty Ninja.app */,
			);
			name = Products;
			sourceTree = "<group>";
		};
		E6F079E31B70ECD80078CEEB /* Swifty Ninja */ = {
			isa = PBXGroup;
			children = (
				E6F079E41B70ECD80078CEEB /* AppDelegate.swift */,
				E6F07A061B7105A30078CEEB /* sliceFuse.sks */,
				E6F07A071B7105A30078CEEB /* sliceHitBomb.sks */,
				E6F07A081B7105A30078CEEB /* sliceHitEnemy.sks */,
				E6F079E61B70ECD80078CEEB /* GameScene.sks */,
				E6F079E81B70ECD80078CEEB /* GameScene.swift */,
				E6F079EA1B70ECD80078CEEB /* GameViewController.swift */,
				E6F079FA1B70ED260078CEEB /* Helper.swift */,
				E6F079EC1B70ECD80078CEEB /* Main.storyboard */,
				E6F079EF1B70ECD80078CEEB /* Assets.xcassets */,
				E6F079F11B70ECD80078CEEB /* LaunchScreen.storyboard */,
				E6F079F41B70ECD80078CEEB /* Info.plist */,
			);
			path = "Swifty Ninja";
			sourceTree = "<group>";
		};
/* End PBXGroup section */

/* Begin PBXNativeTarget section */
		E6F079E01B70ECD80078CEEB /* Swifty Ninja */ = {
			isa = PBXNativeTarget;
			buildConfigurationList = E6F079F71B70ECD80078CEEB /* Build configuration list for PBXNativeTarget "Swifty Ninja" */;
			buildPhases = (
				E6F079DD1B70ECD80078CEEB /* Sources */,
				E6F079DE1B70ECD80078CEEB /* Frameworks */,
				E6F079DF1B70ECD80078CEEB /* Resources */,
			);
			buildRules = (
			);
			dependencies = (
			);
			name = "Swifty Ninja";
			productName = "Swifty Ninja";
			productReference = E6F079E11B70ECD80078CEEB /* Swifty Ninja.app */;
			productType = "com.apple.product-type.application";
		};
/* End PBXNativeTarget section */

/* Begin PBXProject section */
		E6F079D91B70ECD80078CEEB /* Project object */ = {
			isa = PBXProject;
			attributes = {
				LastUpgradeCheck = 0700;
				ORGANIZATIONNAME = "Mac Bellingrath";
				TargetAttributes = {
					E6F079E01B70ECD80078CEEB = {
						CreatedOnToolsVersion = 7.0;
					};
				};
			};
			buildConfigurationList = E6F079DC1B70ECD80078CEEB /* Build configuration list for PBXProject "Swifty Ninja" */;
			compatibilityVersion = "Xcode 3.2";
			developmentRegion = English;
			hasScannedForEncodings = 0;
			knownRegions = (
				en,
				Base,
			);
			mainGroup = E6F079D81B70ECD80078CEEB;
			productRefGroup = E6F079E21B70ECD80078CEEB /* Products */;
			projectDirPath = "";
			projectRoot = "";
			targets = (
				E6F079E01B70ECD80078CEEB /* Swifty Ninja */,
			);
		};
/* End PBXProject section */

/* Begin PBXResourcesBuildPhase section */
		E6F079DF1B70ECD80078CEEB /* Resources */ = {
			isa = PBXResourcesBuildPhase;
			buildActionMask = 2147483647;
			files = (
				E6F07A0C1B7106380078CEEB /* sliceBombFuse.caf in Resources */,
				E6F07A0B1B7105A30078CEEB /* sliceHitEnemy.sks in Resources */,
				E6F079E71B70ECD80078CEEB /* GameScene.sks in Resources */,
				E6F079FF1B70ED480078CEEB /* launch.caf in Resources */,
				E6F079F31B70ECD80078CEEB /* LaunchScreen.storyboard in Resources */,
				E6F079FE1B70ED480078CEEB /* explosion.caf in Resources */,
				E6F07A0A1B7105A30078CEEB /* sliceHitBomb.sks in Resources */,
				E6F079F01B70ECD80078CEEB /* Assets.xcassets in Resources */,
				E6F07A091B7105A30078CEEB /* sliceFuse.sks in Resources */,
				E6F07A0D1B71063B0078CEEB /* wrong.caf in Resources */,
				E6F07A101B7106410078CEEB /* swoosh2.caf in Resources */,
				E6F07A111B7106440078CEEB /* swoosh1.caf in Resources */,
				E6F07A0F1B71063F0078CEEB /* swoosh3.caf in Resources */,
				E6F079EE1B70ECD80078CEEB /* Main.storyboard in Resources */,
				E6F07A0E1B71063D0078CEEB /* whack.caf in Resources */,
			);
			runOnlyForDeploymentPostprocessing = 0;
		};
/* End PBXResourcesBuildPhase section */

/* Begin PBXSourcesBuildPhase section */
		E6F079DD1B70ECD80078CEEB /* Sources */ = {
			isa = PBXSourcesBuildPhase;
			buildActionMask = 2147483647;
			files = (
				E6F079E91B70ECD80078CEEB /* GameScene.swift in Sources */,
				E6F079EB1B70ECD80078CEEB /* GameViewController.swift in Sources */,
				E6F079E51B70ECD80078CEEB /* AppDelegate.swift in Sources */,
				E6F079FB1B70ED260078CEEB /* Helper.swift in Sources */,
			);
			runOnlyForDeploymentPostprocessing = 0;
		};
/* End PBXSourcesBuildPhase section */

/* Begin PBXVariantGroup section */
		E6F079EC1B70ECD80078CEEB /* Main.storyboard */ = {
			isa = PBXVariantGroup;
			children = (
				E6F079ED1B70ECD80078CEEB /* Base */,
			);
			name = Main.storyboard;
			sourceTree = "<group>";
		};
		E6F079F11B70ECD80078CEEB /* LaunchScreen.storyboard */ = {
			isa = PBXVariantGroup;
			children = (
				E6F079F21B70ECD80078CEEB /* Base */,
			);
			name = LaunchScreen.storyboard;
			sourceTree = "<group>";
		};
/* End PBXVariantGroup section */

/* Begin XCBuildConfiguration section */
		E6F079F51B70ECD80078CEEB /* Debug */ = {
			isa = XCBuildConfiguration;
			buildSettings = {
				ALWAYS_SEARCH_USER_PATHS = NO;
				CLANG_CXX_LANGUAGE_STANDARD = "gnu++0x";
				CLANG_CXX_LIBRARY = "libc++";
				CLANG_ENABLE_MODULES = YES;
				CLANG_ENABLE_OBJC_ARC = YES;
				CLANG_WARN_BOOL_CONVERSION = YES;
				CLANG_WARN_CONSTANT_CONVERSION = YES;
				CLANG_WARN_DIRECT_OBJC_ISA_USAGE = YES_ERROR;
				CLANG_WARN_EMPTY_BODY = YES;
				CLANG_WARN_ENUM_CONVERSION = YES;
				CLANG_WARN_INT_CONVERSION = YES;
				CLANG_WARN_OBJC_ROOT_CLASS = YES_ERROR;
				CLANG_WARN_UNREACHABLE_CODE = YES;
				CLANG_WARN__DUPLICATE_METHOD_MATCH = YES;
				"CODE_SIGN_IDENTITY[sdk=iphoneos*]" = "iPhone Developer";
				COPY_PHASE_STRIP = NO;
				DEBUG_INFORMATION_FORMAT = dwarf;
				ENABLE_STRICT_OBJC_MSGSEND = YES;
				ENABLE_TESTABILITY = YES;
				GCC_C_LANGUAGE_STANDARD = gnu99;
				GCC_DYNAMIC_NO_PIC = NO;
				GCC_NO_COMMON_BLOCKS = YES;
				GCC_OPTIMIZATION_LEVEL = 0;
				GCC_PREPROCESSOR_DEFINITIONS = (
					"DEBUG=1",
					"$(inherited)",
				);
				GCC_WARN_64_TO_32_BIT_CONVERSION = YES;
				GCC_WARN_ABOUT_RETURN_TYPE = YES_ERROR;
				GCC_WARN_UNDECLARED_SELECTOR = YES;
				GCC_WARN_UNINITIALIZED_AUTOS = YES_AGGRESSIVE;
				GCC_WARN_UNUSED_FUNCTION = YES;
				GCC_WARN_UNUSED_VARIABLE = YES;
				IPHONEOS_DEPLOYMENT_TARGET = 9.0;
				MTL_ENABLE_DEBUG_INFO = YES;
				ONLY_ACTIVE_ARCH = YES;
				SDKROOT = iphoneos;
				SWIFT_OPTIMIZATION_LEVEL = "-Onone";
				TARGETED_DEVICE_FAMILY = 2;
			};
			name = Debug;
		};
		E6F079F61B70ECD80078CEEB /* Release */ = {
			isa = XCBuildConfiguration;
			buildSettings = {
				ALWAYS_SEARCH_USER_PATHS = NO;
				CLANG_CXX_LANGUAGE_STANDARD = "gnu++0x";
				CLANG_CXX_LIBRARY = "libc++";
				CLANG_ENABLE_MODULES = YES;
				CLANG_ENABLE_OBJC_ARC = YES;
				CLANG_WARN_BOOL_CONVERSION = YES;
				CLANG_WARN_CONSTANT_CONVERSION = YES;
				CLANG_WARN_DIRECT_OBJC_ISA_USAGE = YES_ERROR;
				CLANG_WARN_EMPTY_BODY = YES;
				CLANG_WARN_ENUM_CONVERSION = YES;
				CLANG_WARN_INT_CONVERSION = YES;
				CLANG_WARN_OBJC_ROOT_CLASS = YES_ERROR;
				CLANG_WARN_UNREACHABLE_CODE = YES;
				CLANG_WARN__DUPLICATE_METHOD_MATCH = YES;
				"CODE_SIGN_IDENTITY[sdk=iphoneos*]" = "iPhone Developer";
				COPY_PHASE_STRIP = NO;
				DEBUG_INFORMATION_FORMAT = "dwarf-with-dsym";
				ENABLE_NS_ASSERTIONS = NO;
				ENABLE_STRICT_OBJC_MSGSEND = YES;
				GCC_C_LANGUAGE_STANDARD = gnu99;
				GCC_NO_COMMON_BLOCKS = YES;
				GCC_WARN_64_TO_32_BIT_CONVERSION = YES;
				GCC_WARN_ABOUT_RETURN_TYPE = YES_ERROR;
				GCC_WARN_UNDECLARED_SELECTOR = YES;
				GCC_WARN_UNINITIALIZED_AUTOS = YES_AGGRESSIVE;
				GCC_WARN_UNUSED_FUNCTION = YES;
				GCC_WARN_UNUSED_VARIABLE = YES;
				IPHONEOS_DEPLOYMENT_TARGET = 9.0;
				MTL_ENABLE_DEBUG_INFO = NO;
				SDKROOT = iphoneos;
				TARGETED_DEVICE_FAMILY = 2;
				VALIDATE_PRODUCT = YES;
			};
			name = Release;
		};
		E6F079F81B70ECD80078CEEB /* Debug */ = {
			isa = XCBuildConfiguration;
			buildSettings = {
				ASSETCATALOG_COMPILER_APPICON_NAME = AppIcon;
				INFOPLIST_FILE = "Swifty Ninja/Info.plist";
				LD_RUNPATH_SEARCH_PATHS = "$(inherited) @executable_path/Frameworks";
				PRODUCT_BUNDLE_IDENTIFIER = "com.example.Swifty-Ninja";
				PRODUCT_NAME = "$(TARGET_NAME)";
			};
			name = Debug;
		};
		E6F079F91B70ECD80078CEEB /* Release */ = {
			isa = XCBuildConfiguration;
			buildSettings = {
				ASSETCATALOG_COMPILER_APPICON_NAME = AppIcon;
				INFOPLIST_FILE = "Swifty Ninja/Info.plist";
				LD_RUNPATH_SEARCH_PATHS = "$(inherited) @executable_path/Frameworks";
				PRODUCT_BUNDLE_IDENTIFIER = "com.example.Swifty-Ninja";
				PRODUCT_NAME = "$(TARGET_NAME)";
			};
			name = Release;
		};
/* End XCBuildConfiguration section */

/* Begin XCConfigurationList section */
		E6F079DC1B70ECD80078CEEB /* Build configuration list for PBXProject "Swifty Ninja" */ = {
			isa = XCConfigurationList;
			buildConfigurations = (
				E6F079F51B70ECD80078CEEB /* Debug */,
				E6F079F61B70ECD80078CEEB /* Release */,
			);
			defaultConfigurationIsVisible = 0;
			defaultConfigurationName = Release;
		};
		E6F079F71B70ECD80078CEEB /* Build configuration list for PBXNativeTarget "Swifty Ninja" */ = {
			isa = XCConfigurationList;
			buildConfigurations = (
				E6F079F81B70ECD80078CEEB /* Debug */,
				E6F079F91B70ECD80078CEEB /* Release */,
			);
			defaultConfigurationIsVisible = 0;
		};
/* End XCConfigurationList section */
	};
	rootObject = E6F079D91B70ECD80078CEEB /* Project object */;
}
